version: 6
environments:
  default:
    channels:
    - url: https://conda.anaconda.org/conda-forge/
    packages:
      linux-64:
      - conda: https://conda.anaconda.org/conda-forge/linux-64/_libgcc_mutex-0.1-conda_forge.tar.bz2
      - conda: https://conda.anaconda.org/conda-forge/linux-64/_openmp_mutex-4.5-2_gnu.tar.bz2
      - conda: https://conda.anaconda.org/conda-forge/linux-64/dotnet-9.0.203-ha770c72_1.conda
      - conda: https://conda.anaconda.org/conda-forge/linux-64/dotnet-aspnetcore-9.0.4-ha770c72_1.conda
      - conda: https://conda.anaconda.org/conda-forge/linux-64/dotnet-runtime-9.0.4-h84d6215_1.conda
      - conda: https://conda.anaconda.org/conda-forge/linux-64/dotnet-sdk-9.0.203-h84d6215_1.conda
      - conda: https://conda.anaconda.org/conda-forge/linux-64/icu-75.1-he02047a_0.conda
      - conda: https://conda.anaconda.org/conda-forge/linux-64/libgcc-15.2.0-he0feb66_14.conda
      - conda: https://conda.anaconda.org/conda-forge/linux-64/libgcc-ng-15.2.0-h69a702a_14.conda
      - conda: https://conda.anaconda.org/conda-forge/linux-64/libgomp-15.2.0-he0feb66_14.conda
      - conda: https://conda.anaconda.org/conda-forge/linux-64/libstdcxx-15.2.0-h934c35e_14.conda
      - conda: https://conda.anaconda.org/conda-forge/linux-64/libstdcxx-ng-15.2.0-hdf11a46_14.conda
packages:
- conda: https://conda.anaconda.org/conda-forge/linux-64/_libgcc_mutex-0.1-conda_forge.tar.bz2
  sha256: fe51de6107f9edc7aa4f786a70f4a883943bc9d39b3bb7307c04c41410990726
  md5: d7c89558ba9fa0495403155b64376d81
  license: None
  size: 2562
  timestamp: 1578324546067
- conda: https://conda.anaconda.org/conda-forge/linux-64/_openmp_mutex-4.5-2_gnu.tar.bz2
  build_number: 16
  sha256: fbe2c5e56a653bebb982eda4876a9178aedfc2b545f25d0ce9c4c0b508253d22
  md5: 73aaf86a425cc6e73fcf236a5a46396d
  depends:
  - _libgcc_mutex 0.1 conda_forge
  - libgomp >=7.5.0
  constrains:
  - openmp_impl 9999
  license: BSD-3-Clause
  license_family: BSD
  size: 23621
  timestamp: 1650670423406
- conda: https://conda.anaconda.org/conda-forge/linux-64/dotnet-9.0.203-ha770c72_1.conda
  sha256: d32482f07406b293bfc6807992ce42eb65b31871e4fca79d80c711a1ebe5c98b
  md5: fc2abb5eb25ef1d755e73dafd867de2e
  depends:
  - dotnet-aspnetcore 9.0.4.*
  - dotnet-runtime 9.0.4.*
  - dotnet-sdk 9.0.203.*
  license: MIT
  license_family: MIT
  size: 14415
  timestamp: 1746401184300
- conda: https://conda.anaconda.org/conda-forge/linux-64/dotnet-aspnetcore-9.0.4-ha770c72_1.conda
  sha256: e9f85ead6f108685652447d5e1e68a94e211c85e125ce7acd96119eb05cbbd95
  md5: 1d4bdd17dfb7aca964e279cf6cdb57de
  depends:
  - dotnet-runtime 9.0.4.*
  license: MIT
  license_family: MIT
  size: 8633004
  timestamp: 1746400937881
- conda: https://conda.anaconda.org/conda-forge/linux-64/dotnet-runtime-9.0.4-h84d6215_1.conda
  sha256: d0169556aeee63965f5026d2b2d23654c2e7ea838996bb3defdc80a44ccf18b0
  md5: 462c65c7e1bf665de37cc57613a706c4
  depends:
  - __glibc >=2.17,<3.0.a0
  - icu
  - libgcc >=13
  - libstdcxx >=13
  license: MIT
  license_family: MIT
  size: 27701459
  timestamp: 1746400900003
- conda: https://conda.anaconda.org/conda-forge/linux-64/dotnet-sdk-9.0.203-h84d6215_1.conda
  sha256: b8e2a6e0d5443d345a2061a526fb6ea99fea3eda96ab05eca53a2bd67b9bf662
  md5: ed92d4a43613e29620f691fba28c6329
  depends:
  - __glibc >=2.17,<3.0.a0
  - dotnet-runtime 9.0.4.*
  - libgcc >=13
  - libstdcxx >=13
  license: MIT
  license_family: MIT
  size: 125831303
  timestamp: 1746400972600
- conda: https://conda.anaconda.org/conda-forge/linux-64/icu-75.1-he02047a_0.conda
  sha256: 71e750d509f5fa3421087ba88ef9a7b9be11c53174af3aa4d06aff4c18b38e8e
  md5: 8b189310083baabfb622af68fd9d3ae3
  depends:
  - __glibc >=2.17,<3.0.a0
  - libgcc-ng >=12
  - libstdcxx-ng >=12
  license: MIT
  license_family: MIT
  size: 12129203
  timestamp: 1720853576813
- conda: https://conda.anaconda.org/conda-forge/linux-64/libgcc-15.2.0-he0feb66_14.conda
  sha256: 947bfbe5e47cd5d0cbdb0926d4baadb3e9be25caca7c6c6ef516f7ef85052cec
  md5: 550dceb769d23bcf0e2f97fd4062d720
  depends:
  - __glibc >=2.17,<3.0.a0
  - _openmp_mutex >=4.5
  constrains:
  - libgomp 15.2.0 he0feb66_14
  - libgcc-ng ==15.2.0=*_14
  license: GPL-3.0-only WITH GCC-exception-3.1
  license_family: GPL
  size: 1041047
  timestamp: 1764277103389
- conda: https://conda.anaconda.org/conda-forge/linux-64/libgcc-ng-15.2.0-h69a702a_14.conda
  sha256: 48a77fde940b4b877c0ed24efd562c135170a46d100c07cd2d7b67e842e30642
  md5: 6c13aaae36d7514f28bd5544da1a7bb8
  depends:
  - libgcc 15.2.0 he0feb66_14
  license: GPL-3.0-only WITH GCC-exception-3.1
  license_family: GPL
  size: 27157
  timestamp: 1764277114484
- conda: https://conda.anaconda.org/conda-forge/linux-64/libgomp-15.2.0-he0feb66_14.conda
  sha256: 2017cbc0f0f3b1d15df9ca681960eef015f9f58ba0d6e841694277a9f7eae0fc
  md5: 91349c276f84f590487e4c7f6e90e077
  depends:
  - __glibc >=2.17,<3.0.a0
  license: GPL-3.0-only WITH GCC-exception-3.1
  license_family: GPL
  size: 604220
  timestamp: 1764277020855
- conda: https://conda.anaconda.org/conda-forge/linux-64/libstdcxx-15.2.0-h934c35e_14.conda
  sha256: bbeb7cf8b7eff000b2cb5ffb9a40d98fbb8f39c94768afaec38408c3097cde0d
  md5: 8e96fe9b17d5871b5cf9d312cab832f6
  depends:
  - __glibc >=2.17,<3.0.a0
  - libgcc 15.2.0 he0feb66_14
  constrains:
  - libstdcxx-ng ==15.2.0=*_14
  license: GPL-3.0-only WITH GCC-exception-3.1
  license_family: GPL
  size: 5856715
  timestamp: 1764277148231
- conda: https://conda.anaconda.org/conda-forge/linux-64/libstdcxx-ng-15.2.0-hdf11a46_14.conda
  sha256: 63336f51b88029a9557a430aecbb08a11365aa03ec47ec8d14e542fec5dc80fb
  md5: 9531f671a13eec0597941fa19e489b96
  depends:
  - libstdcxx 15.2.0 h934c35e_14
  license: GPL-3.0-only WITH GCC-exception-3.1
  license_family: GPL
  size: 27200
  timestamp: 1764277193585
